
Microsoft Visual Studio Solution File, Format Version 12.00
# 
VisualStudioVersion = 17.5.002.0
MinimumVisualStudioVersion = 
Project("{FAE04EC0-301F-11D3-BF4B-00C04F79EFBC}") = "Ru.AenSidhe.RuCenterApi", "Ru.AenSidhe.RuCenterApi\Ru.AenSidhe.RuCenterApi.csproj", "{31D129D0-64CD-4BA8-9084-26DEC5AE0F80}"
EndProject
Project("{2150E333-8FDC-42A3-9474-1A3956D46DE8}") = "common", "common", "{30A6E73D-B39C-4E2D-B100-73C00D6F85B3}"
	ProjectSection(SolutionItems) = preProject
		Directory.Build.props = Directory.Build.props
		Directory.Packages.props = Directory.Packages.props
	EndProjectSection
EndProject
Project("{FAE04EC0-301F-11D3-BF4B-00C04F79EFBC}") = "Ru.AenSidhe.RuCenterApi.Tests", "Ru.AenSidhe.RuCenterApi.Tests\Ru.AenSidhe.RuCenterApi.Tests.csproj", "{74E5539E-F554-4297-A71F-D7EF0EE233D6}"
EndProject
Project("{FAE04EC0-301F-11D3-BF4B-00C04F79EFBC}") = "Ru.AenSidhe.RuCenterApi.Acme", "Ru.AenSidhe.RuCenterApi.Acme\Ru.AenSidhe.RuCenterApi.Acme.csproj", "{E009E40C-B8D6-4E1B-A642-91DE1A1378D4}"
EndProject
Project("{FAE04EC0-301F-11D3-BF4B-00C04F79EFBC}") = "Ru.AenSidhe.RuCenterApi.Acme.Tests", "Ru.AenSidhe.RuCenterApi.Acme.Tests\Ru.AenSidhe.RuCenterApi.Acme.Tests.csproj", "{559E599C-C18E-4BB1-9FA4-93F55C846B79}"
EndProject
Global
	GlobalSection(SolutionConfigurationPlatforms) = preSolution
		Debug|Any CPU = Debug|Any CPU
		Release|Any CPU = Release|Any CPU
	EndGlobalSection
	GlobalSection(ProjectConfigurationPlatforms) = postSolution
		{31D129D0-64CD-4BA8-9084-26DEC5AE0F80}.Debug|Any CPU.ActiveCfg = Debug|Any CPU
		{31D129D0-64CD-4BA8-9084-26DEC5AE0F80}.Debug|Any CPU.Build.0 = Debug|Any CPU
		{31D129D0-64CD-4BA8-9084-26DEC5AE0F80}.Release|Any CPU.ActiveCfg = Release|Any CPU
		{31D129D0-64CD-4BA8-9084-26DEC5AE0F80}.Release|Any CPU.Build.0 = Release|Any CPU
		{74E5539E-F554-4297-A71F-D7EF0EE233D6}.Debug|Any CPU.ActiveCfg = Debug|Any CPU
		{74E5539E-F554-4297-A71F-D7EF0EE233D6}.Debug|Any CPU.Build.0 = Debug|Any CPU
		{74E5539E-F554-4297-A71F-D7EF0EE233D6}.Release|Any CPU.ActiveCfg = Release|Any CPU
		{74E5539E-F554-4297-A71F-D7EF0EE233D6}.Release|Any CPU.Build.0 = Release|Any CPU
		{E009E40C-B8D6-4E1B-A642-91DE1A1378D4}.Debug|Any CPU.ActiveCfg = Debug|Any CPU
		{E009E40C-B8D6-4E1B-A642-91DE1A1378D4}.Debug|Any CPU.Build.0 = Debug|Any CPU
		{E009E40C-B8D6-4E1B-A642-91DE1A1378D4}.Release|Any CPU.ActiveCfg = Release|Any CPU
		{E009E40C-B8D6-4E1B-A642-91DE1A1378D4}.Release|Any CPU.Build.0 = Release|Any CPU
		{559E599C-C18E-4BB1-9FA4-93F55C846B79}.Debug|Any CPU.ActiveCfg = Debug|Any CPU
		{559E599C-C18E-4BB1-9FA4-93F55C846B79}.Debug|Any CPU.Build.0 = Debug|Any CPU
		{559E599C-C18E-4BB1-9FA4-93F55C846B79}.Release|Any CPU.ActiveCfg = Release|Any CPU
		{559E599C-C18E-4BB1-9FA4-93F55C846B79}.Release|Any CPU.Build.0 = Release|Any CPU
	EndGlobalSection
	GlobalSection(SolutionProperties) = preSolution
		HideSolutionNode = FALSE
	EndGlobalSection
EndGlobal
